
Microsoft Visual Studio Solution File, Format Version 12.00
# Visual Studio 15
VisualStudioVersion = 15.0.28307.421
MinimumVisualStudioVersion = 10.0.40219.1
Project("{9A19103F-16F7-4668-BE54-9A1E7A4F7556}") = "UCL-InternationalStudentManagement", "UCL-InternationalStudentManagement\UCL-InternationalStudentManagement.csproj", "{27B9ECF2-7403-4BE6-9C94-B26ADBCC5915}"
EndProject
Project("{9A19103F-16F7-4668-BE54-9A1E7A4F7556}") = "StudyField", "StudyField\StudyField.csproj", "{951C3E7C-DEB2-4B7E-AEE9-87EA0C1E2FB0}"
EndProject
Project("{FAE04EC0-301F-11D3-BF4B-00C04F79EFBC}") = "Utilities", "Utilities\Utilities.csproj", "{79D71656-7C6C-4CA2-8EEF-9ED65BB919D3}"
EndProject
Project("{FAE04EC0-301F-11D3-BF4B-00C04F79EFBC}") = "StudyFieldTest", "StudyFieldTest\StudyFieldTest.csproj", "{34FC60DA-ACFE-42FE-8AF0-82746B459772}"
EndProject
Global
	GlobalSection(SolutionConfigurationPlatforms) = preSolution
		Debug|Any CPU = Debug|Any CPU
		Release|Any CPU = Release|Any CPU
	EndGlobalSection
	GlobalSection(ProjectConfigurationPlatforms) = postSolution
		{27B9ECF2-7403-4BE6-9C94-B26ADBCC5915}.Debug|Any CPU.ActiveCfg = Debug|Any CPU
		{27B9ECF2-7403-4BE6-9C94-B26ADBCC5915}.Debug|Any CPU.Build.0 = Debug|Any CPU
		{27B9ECF2-7403-4BE6-9C94-B26ADBCC5915}.Release|Any CPU.ActiveCfg = Release|Any CPU
		{27B9ECF2-7403-4BE6-9C94-B26ADBCC5915}.Release|Any CPU.Build.0 = Release|Any CPU
		{951C3E7C-DEB2-4B7E-AEE9-87EA0C1E2FB0}.Debug|Any CPU.ActiveCfg = Debug|Any CPU
		{951C3E7C-DEB2-4B7E-AEE9-87EA0C1E2FB0}.Debug|Any CPU.Build.0 = Debug|Any CPU
		{951C3E7C-DEB2-4B7E-AEE9-87EA0C1E2FB0}.Release|Any CPU.ActiveCfg = Release|Any CPU
		{951C3E7C-DEB2-4B7E-AEE9-87EA0C1E2FB0}.Release|Any CPU.Build.0 = Release|Any CPU
		{79D71656-7C6C-4CA2-8EEF-9ED65BB919D3}.Debug|Any CPU.ActiveCfg = Debug|Any CPU
		{79D71656-7C6C-4CA2-8EEF-9ED65BB919D3}.Debug|Any CPU.Build.0 = Debug|Any CPU
		{79D71656-7C6C-4CA2-8EEF-9ED65BB919D3}.Release|Any CPU.ActiveCfg = Release|Any CPU
		{79D71656-7C6C-4CA2-8EEF-9ED65BB919D3}.Release|Any CPU.Build.0 = Release|Any CPU
		{34FC60DA-ACFE-42FE-8AF0-82746B459772}.Debug|Any CPU.ActiveCfg = Debug|Any CPU
		{34FC60DA-ACFE-42FE-8AF0-82746B459772}.Debug|Any CPU.Build.0 = Debug|Any CPU
		{34FC60DA-ACFE-42FE-8AF0-82746B459772}.Release|Any CPU.ActiveCfg = Release|Any CPU
		{34FC60DA-ACFE-42FE-8AF0-82746B459772}.Release|Any CPU.Build.0 = Release|Any CPU
	EndGlobalSection
	GlobalSection(SolutionProperties) = preSolution
		HideSolutionNode = FALSE
	EndGlobalSection
	GlobalSection(ExtensibilityGlobals) = postSolution
		SolutionGuid = {53EF8A8A-D7C0-4D51-9BCF-8F8C50134C80}
	EndGlobalSection
EndGlobal
